
Microsoft Visual Studio Solution File, Format Version 12.00
# Visual Studio Version 17
VisualStudioVersion = 17.6.33815.320
MinimumVisualStudioVersion = 10.0.40219.1
Project("{FAE04EC0-301F-11D3-BF4B-00C04F79EFBC}") = "Test", "Test\Test.csproj", "{705BBD7E-8DF4-4C14-B8F5-A47ECF360448}"
EndProject
Global
	GlobalSection(SolutionConfigurationPlatforms) = preSolution
		Debug|Any CPU = Debug|Any CPU
		Release|Any CPU = Release|Any CPU
	EndGlobalSection
	GlobalSection(ProjectConfigurationPlatforms) = postSolution
		{705BBD7E-8DF4-4C14-B8F5-A47ECF360448}.Debug|Any CPU.ActiveCfg = Debug|Any CPU
		{705BBD7E-8DF4-4C14-B8F5-A47ECF360448}.Debug|Any CPU.Build.0 = Debug|Any CPU
		{705BBD7E-8DF4-4C14-B8F5-A47ECF360448}.Release|Any CPU.ActiveCfg = Release|Any CPU
		{705BBD7E-8DF4-4C14-B8F5-A47ECF360448}.Release|Any CPU.Build.0 = Release|Any CPU
	EndGlobalSection
	GlobalSection(SolutionProperties) = preSolution
		HideSolutionNode = FALSE
	EndGlobalSection
	GlobalSection(ExtensibilityGlobals) = postSolution
		SolutionGuid = {BF5A8908-25E5-4EE6-9ECF-876BC1A7F24F}
	EndGlobalSection
EndGlobal
